
Microsoft Visual Studio Solution File, Format Version 12.00
# Visual Studio Version 17
VisualStudioVersion = 17.0.31903.59
MinimumVisualStudioVersion = 10.0.40219.1
Project("{FAE04EC0-301F-11D3-BF4B-00C04F79EFBC}") = "MultiThreadedChat.Infrastructure", "MultiThreadedChat.Infrastructure\MultiThreadedChat.Infrastructure.csproj", "{035AECDB-5A55-4B25-AA3A-F2A32A96D8C1}"
EndProject
Project("{FAE04EC0-301F-11D3-BF4B-00C04F79EFBC}") = "MultiThreadedChat.Client.ConsoleUI", "MultiThreadedChat.Client.ConsoleUI\MultiThreadedChat.Client.ConsoleUI.csproj", "{48950AE5-879B-5730-407C-1C96200E43DC}"
EndProject
Project("{FAE04EC0-301F-11D3-BF4B-00C04F79EFBC}") = "MultiThreadedChat.Server.ConsoleUI", "MultiThreadedChat.Server.ConsoleUI\MultiThreadedChat.Server.ConsoleUI.csproj", "{3424E23C-C672-4C59-9CFD-1E4E7FCF591D}"
EndProject
Global
	GlobalSection(SolutionConfigurationPlatforms) = preSolution
		Debug|Any CPU = Debug|Any CPU
		Debug|x64 = Debug|x64
		Debug|x86 = Debug|x86
		Release|Any CPU = Release|Any CPU
		Release|x64 = Release|x64
		Release|x86 = Release|x86
	EndGlobalSection
	GlobalSection(ProjectConfigurationPlatforms) = postSolution
		{035AECDB-5A55-4B25-AA3A-F2A32A96D8C1}.Debug|Any CPU.ActiveCfg = Debug|Any CPU
		{035AECDB-5A55-4B25-AA3A-F2A32A96D8C1}.Debug|Any CPU.Build.0 = Debug|Any CPU
		{035AECDB-5A55-4B25-AA3A-F2A32A96D8C1}.Debug|x64.ActiveCfg = Debug|Any CPU
		{035AECDB-5A55-4B25-AA3A-F2A32A96D8C1}.Debug|x64.Build.0 = Debug|Any CPU
		{035AECDB-5A55-4B25-AA3A-F2A32A96D8C1}.Debug|x86.ActiveCfg = Debug|Any CPU
		{035AECDB-5A55-4B25-AA3A-F2A32A96D8C1}.Debug|x86.Build.0 = Debug|Any CPU
		{035AECDB-5A55-4B25-AA3A-F2A32A96D8C1}.Release|Any CPU.ActiveCfg = Release|Any CPU
		{035AECDB-5A55-4B25-AA3A-F2A32A96D8C1}.Release|Any CPU.Build.0 = Release|Any CPU
		{035AECDB-5A55-4B25-AA3A-F2A32A96D8C1}.Release|x64.ActiveCfg = Release|Any CPU
		{035AECDB-5A55-4B25-AA3A-F2A32A96D8C1}.Release|x64.Build.0 = Release|Any CPU
		{035AECDB-5A55-4B25-AA3A-F2A32A96D8C1}.Release|x86.ActiveCfg = Release|Any CPU
		{035AECDB-5A55-4B25-AA3A-F2A32A96D8C1}.Release|x86.Build.0 = Release|Any CPU
		{48950AE5-879B-5730-407C-1C96200E43DC}.Debug|Any CPU.ActiveCfg = Debug|Any CPU
		{48950AE5-879B-5730-407C-1C96200E43DC}.Debug|Any CPU.Build.0 = Debug|Any CPU
		{48950AE5-879B-5730-407C-1C96200E43DC}.Debug|x64.ActiveCfg = Debug|Any CPU
		{48950AE5-879B-5730-407C-1C96200E43DC}.Debug|x64.Build.0 = Debug|Any CPU
		{48950AE5-879B-5730-407C-1C96200E43DC}.Debug|x86.ActiveCfg = Debug|Any CPU
		{48950AE5-879B-5730-407C-1C96200E43DC}.Debug|x86.Build.0 = Debug|Any CPU
		{48950AE5-879B-5730-407C-1C96200E43DC}.Release|Any CPU.ActiveCfg = Release|Any CPU
		{48950AE5-879B-5730-407C-1C96200E43DC}.Release|Any CPU.Build.0 = Release|Any CPU
		{48950AE5-879B-5730-407C-1C96200E43DC}.Release|x64.ActiveCfg = Release|Any CPU
		{48950AE5-879B-5730-407C-1C96200E43DC}.Release|x64.Build.0 = Release|Any CPU
		{48950AE5-879B-5730-407C-1C96200E43DC}.Release|x86.ActiveCfg = Release|Any CPU
		{48950AE5-879B-5730-407C-1C96200E43DC}.Release|x86.Build.0 = Release|Any CPU
		{3424E23C-C672-4C59-9CFD-1E4E7FCF591D}.Debug|Any CPU.ActiveCfg = Debug|Any CPU
		{3424E23C-C672-4C59-9CFD-1E4E7FCF591D}.Debug|Any CPU.Build.0 = Debug|Any CPU
		{3424E23C-C672-4C59-9CFD-1E4E7FCF591D}.Debug|x64.ActiveCfg = Debug|Any CPU
		{3424E23C-C672-4C59-9CFD-1E4E7FCF591D}.Debug|x64.Build.0 = Debug|Any CPU
		{3424E23C-C672-4C59-9CFD-1E4E7FCF591D}.Debug|x86.ActiveCfg = Debug|Any CPU
		{3424E23C-C672-4C59-9CFD-1E4E7FCF591D}.Debug|x86.Build.0 = Debug|Any CPU
		{3424E23C-C672-4C59-9CFD-1E4E7FCF591D}.Release|Any CPU.ActiveCfg = Release|Any CPU
		{3424E23C-C672-4C59-9CFD-1E4E7FCF591D}.Release|Any CPU.Build.0 = Release|Any CPU
		{3424E23C-C672-4C59-9CFD-1E4E7FCF591D}.Release|x64.ActiveCfg = Release|Any CPU
		{3424E23C-C672-4C59-9CFD-1E4E7FCF591D}.Release|x64.Build.0 = Release|Any CPU
		{3424E23C-C672-4C59-9CFD-1E4E7FCF591D}.Release|x86.ActiveCfg = Release|Any CPU
		{3424E23C-C672-4C59-9CFD-1E4E7FCF591D}.Release|x86.Build.0 = Release|Any CPU
	EndGlobalSection
	GlobalSection(SolutionProperties) = preSolution
		HideSolutionNode = FALSE
	EndGlobalSection
	GlobalSection(ExtensibilityGlobals) = postSolution
		SolutionGuid = {A8D4DF8F-0646-446F-B7BC-69B686BE05BF}
	EndGlobalSection
EndGlobal
